
Microsoft Visual Studio Solution File, Format Version 12.00
# Visual Studio Version 16
VisualStudioVersion = 16.0.29613.14
MinimumVisualStudioVersion = 10.0.40219.1
Project("{9A19103F-16F7-4668-BE54-9A1E7A4F7556}") = "UpdateDBConsoleApp", "UpdateDBConsoleApp\UpdateDBConsoleApp.csproj", "{157E5D4A-61DE-4E9B-A45C-6C4E050DC0C5}"
EndProject
Project("{FAE04EC0-301F-11D3-BF4B-00C04F79EFBC}") = "IpFinderREST", "IpFinderREST\IpFinderREST.csproj", "{03926C03-33EC-44C3-A1EB-79B53374CB68}"
EndProject
Global
	GlobalSection(SolutionConfigurationPlatforms) = preSolution
		Debug|Any CPU = Debug|Any CPU
		Release|Any CPU = Release|Any CPU
	EndGlobalSection
	GlobalSection(ProjectConfigurationPlatforms) = postSolution
		{157E5D4A-61DE-4E9B-A45C-6C4E050DC0C5}.Debug|Any CPU.ActiveCfg = Debug|Any CPU
		{157E5D4A-61DE-4E9B-A45C-6C4E050DC0C5}.Debug|Any CPU.Build.0 = Debug|Any CPU
		{157E5D4A-61DE-4E9B-A45C-6C4E050DC0C5}.Release|Any CPU.ActiveCfg = Release|Any CPU
		{157E5D4A-61DE-4E9B-A45C-6C4E050DC0C5}.Release|Any CPU.Build.0 = Release|Any CPU
		{03926C03-33EC-44C3-A1EB-79B53374CB68}.Debug|Any CPU.ActiveCfg = Debug|Any CPU
		{03926C03-33EC-44C3-A1EB-79B53374CB68}.Debug|Any CPU.Build.0 = Debug|Any CPU
		{03926C03-33EC-44C3-A1EB-79B53374CB68}.Release|Any CPU.ActiveCfg = Release|Any CPU
		{03926C03-33EC-44C3-A1EB-79B53374CB68}.Release|Any CPU.Build.0 = Release|Any CPU
	EndGlobalSection
	GlobalSection(SolutionProperties) = preSolution
		HideSolutionNode = FALSE
	EndGlobalSection
	GlobalSection(ExtensibilityGlobals) = postSolution
		SolutionGuid = {7B91D318-7FCF-4058-8253-A5DF8A0192EC}
	EndGlobalSection
EndGlobal
